Microsoft Visual Studio Solution File, Format Version 11.00
# Visual Studio 2008

Project("{49F3BC60-607A-2B57-7EE3-0409E5DBC2CC}") = "Charlie and the Slaughter Factory", "Assembly-CSharp.csproj", "{49D04514-9F6F-BEA3-9198-171228FA8528}"
EndProject
Global
	GlobalSection(SolutionConfigurationPlatforms) = preSolution
		Debug|Any CPU = Debug|Any CPU
		Release|Any CPU = Release|Any CPU
	EndGlobalSection
	GlobalSection(ProjectConfigurationPlatforms) = postSolution
		{49D04514-9F6F-BEA3-9198-171228FA8528}.Debug|Any CPU.ActiveCfg = Debug|Any CPU
		{49D04514-9F6F-BEA3-9198-171228FA8528}.Debug|Any CPU.Build.0 = Debug|Any CPU
		{49D04514-9F6F-BEA3-9198-171228FA8528}.Release|Any CPU.ActiveCfg = Release|Any CPU
		{49D04514-9F6F-BEA3-9198-171228FA8528}.Release|Any CPU.Build.0 = Release|Any CPU
	EndGlobalSection
	GlobalSection(SolutionProperties) = preSolution
		HideSolutionNode = FALSE
	EndGlobalSection
	GlobalSection(MonoDevelopProperties) = preSolution
		StartupItem = Assembly-CSharp.csproj
	EndGlobalSection
EndGlobal
